
Microsoft Visual Studio Solution File, Format Version 12.00
# Visual Studio Version 16
VisualStudioVersion = 16.0.810.23
MinimumVisualStudioVersion = 10.0.40219.1
Project("{FAE04EC0-301F-11D3-BF4B-00C04F79EFBC}") = "StructAndEnum", "StructAndEnum\StructAndEnum.csproj", "{F0EE3243-0730-41A5-AFF3-48AE59F02C17}"
EndProject
Global
	GlobalSection(SolutionConfigurationPlatforms) = preSolution
		Debug|anycpu = Debug|anycpu
		Release|anycpu = Release|anycpu
	EndGlobalSection
	GlobalSection(ProjectConfigurationPlatforms) = postSolution
		{F0EE3243-0730-41A5-AFF3-48AE59F02C17}.Debug|anycpu.ActiveCfg = Debug|anycpu
		{F0EE3243-0730-41A5-AFF3-48AE59F02C17}.Debug|anycpu.Build.0 = Debug|anycpu
		{F0EE3243-0730-41A5-AFF3-48AE59F02C17}.Release|anycpu.ActiveCfg = Release|anycpu
		{F0EE3243-0730-41A5-AFF3-48AE59F02C17}.Release|anycpu.Build.0 = Release|anycpu
	EndGlobalSection
	GlobalSection(SolutionProperties) = preSolution
		HideSolutionNode = FALSE
	EndGlobalSection
	GlobalSection(ExtensibilityGlobals) = postSolution
		SolutionGuid = {50C80A14-5F8C-4BFE-BFD8-84593572376A}
	EndGlobalSection
EndGlobal
