
Microsoft Visual Studio Solution File, Format Version 12.00
# Visual Studio Version 16
VisualStudioVersion = 16.0.810.23
MinimumVisualStudioVersion = 10.0.40219.1
Project("{FAE04EC0-301F-11D3-BF4B-00C04F79EFBC}") = "VirtualPet", "VirtualPet\VirtualPet.csproj", "{E84304D2-45F7-427C-8DC3-776AD8AB6284}"
EndProject
Global
	GlobalSection(SolutionConfigurationPlatforms) = preSolution
		Debug|anycpu = Debug|anycpu
		Release|anycpu = Release|anycpu
	EndGlobalSection
	GlobalSection(ProjectConfigurationPlatforms) = postSolution
		{E84304D2-45F7-427C-8DC3-776AD8AB6284}.Debug|anycpu.ActiveCfg = Debug|anycpu
		{E84304D2-45F7-427C-8DC3-776AD8AB6284}.Debug|anycpu.Build.0 = Debug|anycpu
		{E84304D2-45F7-427C-8DC3-776AD8AB6284}.Release|anycpu.ActiveCfg = Release|anycpu
		{E84304D2-45F7-427C-8DC3-776AD8AB6284}.Release|anycpu.Build.0 = Release|anycpu
	EndGlobalSection
	GlobalSection(SolutionProperties) = preSolution
		HideSolutionNode = FALSE
	EndGlobalSection
	GlobalSection(ExtensibilityGlobals) = postSolution
		SolutionGuid = {5BB0A766-5F06-4D12-B435-A3F5DBFD0C17}
	EndGlobalSection
EndGlobal
